
Microsoft Visual Studio Solution File, Format Version 12.00
# Visual Studio Version 16
VisualStudioVersion = 16.0.33027.164
MinimumVisualStudioVersion = 10.0.40219.1
Project("{9A19103F-16F7-4668-BE54-9A1E7A4F7556}") = "DigitalShoppingAPI", "DigitalShoppingAPI\DigitalShoppingAPI.csproj", "{CEFD1C18-CE2F-4BDE-9A9A-25BF732DB2CB}"
EndProject
Global
	GlobalSection(SolutionConfigurationPlatforms) = preSolution
		Debug|Any CPU = Debug|Any CPU
		Release|Any CPU = Release|Any CPU
	EndGlobalSection
	GlobalSection(ProjectConfigurationPlatforms) = postSolution
		{CEFD1C18-CE2F-4BDE-9A9A-25BF732DB2CB}.Debug|Any CPU.ActiveCfg = Debug|Any CPU
		{CEFD1C18-CE2F-4BDE-9A9A-25BF732DB2CB}.Debug|Any CPU.Build.0 = Debug|Any CPU
		{CEFD1C18-CE2F-4BDE-9A9A-25BF732DB2CB}.Release|Any CPU.ActiveCfg = Release|Any CPU
		{CEFD1C18-CE2F-4BDE-9A9A-25BF732DB2CB}.Release|Any CPU.Build.0 = Release|Any CPU
	EndGlobalSection
	GlobalSection(SolutionProperties) = preSolution
		HideSolutionNode = FALSE
	EndGlobalSection
	GlobalSection(ExtensibilityGlobals) = postSolution
		SolutionGuid = {F1072064-27AF-460F-AE95-025234D33225}
	EndGlobalSection
EndGlobal
